
Microsoft Visual Studio Solution File, Format Version 12.00
# Visual Studio 14
VisualStudioVersion = 14.0.24720.0
MinimumVisualStudioVersion = 10.0.40219.1
Project("{FAE04EC0-301F-11D3-BF4B-00C04F79EFBC}") = "Harness", "Harness\Harness.csproj", "{B2594702-A5A6-430B-81C1-E1263AF4DF0E}"
EndProject
Project("{FAE04EC0-301F-11D3-BF4B-00C04F79EFBC}") = "Harness.UnitTests", "Harness.UnitTests\Harness.UnitTests.csproj", "{4222E65A-0A1D-4512-9AB4-100E1DEF0A62}"
EndProject
Project("{F2A71F9B-5D33-465A-A702-920D77279786}") = "Harness.FSharp.Scripts", "Harness.FSharp.Scripts\Harness.FSharp.Scripts.fsproj", "{94763621-0B44-470B-A01C-35004C52F733}"
EndProject
Project("{FAE04EC0-301F-11D3-BF4B-00C04F79EFBC}") = "Harness.UnitTests.Integration", "Harness.UnitTests.Integration\Harness.UnitTests.Integration.csproj", "{5BC88BBA-1CDF-45E2-9F69-E33975B55EC1}"
EndProject
Global
	GlobalSection(SolutionConfigurationPlatforms) = preSolution
		Debug|Any CPU = Debug|Any CPU
		Release|Any CPU = Release|Any CPU
	EndGlobalSection
	GlobalSection(ProjectConfigurationPlatforms) = postSolution
		{B2594702-A5A6-430B-81C1-E1263AF4DF0E}.Debug|Any CPU.ActiveCfg = Debug|Any CPU
		{B2594702-A5A6-430B-81C1-E1263AF4DF0E}.Debug|Any CPU.Build.0 = Debug|Any CPU
		{B2594702-A5A6-430B-81C1-E1263AF4DF0E}.Release|Any CPU.ActiveCfg = Release|Any CPU
		{B2594702-A5A6-430B-81C1-E1263AF4DF0E}.Release|Any CPU.Build.0 = Release|Any CPU
		{4222E65A-0A1D-4512-9AB4-100E1DEF0A62}.Debug|Any CPU.ActiveCfg = Debug|Any CPU
		{4222E65A-0A1D-4512-9AB4-100E1DEF0A62}.Debug|Any CPU.Build.0 = Debug|Any CPU
		{4222E65A-0A1D-4512-9AB4-100E1DEF0A62}.Release|Any CPU.ActiveCfg = Release|Any CPU
		{4222E65A-0A1D-4512-9AB4-100E1DEF0A62}.Release|Any CPU.Build.0 = Release|Any CPU
		{94763621-0B44-470B-A01C-35004C52F733}.Debug|Any CPU.ActiveCfg = Debug|Any CPU
		{94763621-0B44-470B-A01C-35004C52F733}.Debug|Any CPU.Build.0 = Debug|Any CPU
		{94763621-0B44-470B-A01C-35004C52F733}.Release|Any CPU.ActiveCfg = Release|Any CPU
		{94763621-0B44-470B-A01C-35004C52F733}.Release|Any CPU.Build.0 = Release|Any CPU
		{5BC88BBA-1CDF-45E2-9F69-E33975B55EC1}.Debug|Any CPU.ActiveCfg = Debug|Any CPU
		{5BC88BBA-1CDF-45E2-9F69-E33975B55EC1}.Debug|Any CPU.Build.0 = Debug|Any CPU
		{5BC88BBA-1CDF-45E2-9F69-E33975B55EC1}.Release|Any CPU.ActiveCfg = Release|Any CPU
		{5BC88BBA-1CDF-45E2-9F69-E33975B55EC1}.Release|Any CPU.Build.0 = Release|Any CPU
	EndGlobalSection
	GlobalSection(SolutionProperties) = preSolution
		HideSolutionNode = FALSE
	EndGlobalSection
EndGlobal
