
Microsoft Visual Studio Solution File, Format Version 12.00
# Visual Studio 15
VisualStudioVersion = 15.0.26430.15
MinimumVisualStudioVersion = 10.0.40219.1
Project("{9A19103F-16F7-4668-BE54-9A1E7A4F7556}") = "Harness", "Harness\Harness.csproj", "{54A1856F-AA61-40EF-B2C9-9C7366AFDBBA}"
EndProject
Project("{9A19103F-16F7-4668-BE54-9A1E7A4F7556}") = "Harness.Examples", "Harness.Examples\Harness.Examples.csproj", "{D362AB4F-8B1B-4776-8368-EDA83B5F0CA5}"
EndProject
Project("{9A19103F-16F7-4668-BE54-9A1E7A4F7556}") = "Harness.Tests.Integration", "Harness.Tests.Integration\Harness.Tests.Integration.csproj", "{FC6DC7F7-932D-42E6-9877-EF5B9965F2CE}"
EndProject
Project("{9A19103F-16F7-4668-BE54-9A1E7A4F7556}") = "Harness.Tests.Unit", "Harness.Tests.Unit\Harness.Tests.Unit.csproj", "{C492CE48-A278-47F7-B36E-D159DDDF8D3A}"
EndProject
Project("{9A19103F-16F7-4668-BE54-9A1E7A4F7556}") = "Harness.CLI", "Harness.CLI\Harness.CLI.csproj", "{7DC235D7-887B-4EF9-9837-A8F2CDB4ADE3}"
EndProject
Project("{2150E333-8FDC-42A3-9474-1A3956D46DE8}") = "SolutionItems", "SolutionItems", "{14A81F2E-C22E-4674-B6C1-CD000E77A2BA}"
	ProjectSection(SolutionItems) = preProject
		analysis.ruleset = analysis.ruleset
		stylecop.json = stylecop.json
	EndProjectSection
EndProject
Global
	GlobalSection(SolutionConfigurationPlatforms) = preSolution
		Debug|Any CPU = Debug|Any CPU
		Release|Any CPU = Release|Any CPU
	EndGlobalSection
	GlobalSection(ProjectConfigurationPlatforms) = postSolution
		{54A1856F-AA61-40EF-B2C9-9C7366AFDBBA}.Debug|Any CPU.ActiveCfg = Debug|Any CPU
		{54A1856F-AA61-40EF-B2C9-9C7366AFDBBA}.Debug|Any CPU.Build.0 = Debug|Any CPU
		{54A1856F-AA61-40EF-B2C9-9C7366AFDBBA}.Release|Any CPU.ActiveCfg = Release|Any CPU
		{54A1856F-AA61-40EF-B2C9-9C7366AFDBBA}.Release|Any CPU.Build.0 = Release|Any CPU
		{D362AB4F-8B1B-4776-8368-EDA83B5F0CA5}.Debug|Any CPU.ActiveCfg = Debug|Any CPU
		{D362AB4F-8B1B-4776-8368-EDA83B5F0CA5}.Debug|Any CPU.Build.0 = Debug|Any CPU
		{D362AB4F-8B1B-4776-8368-EDA83B5F0CA5}.Release|Any CPU.ActiveCfg = Release|Any CPU
		{D362AB4F-8B1B-4776-8368-EDA83B5F0CA5}.Release|Any CPU.Build.0 = Release|Any CPU
		{FC6DC7F7-932D-42E6-9877-EF5B9965F2CE}.Debug|Any CPU.ActiveCfg = Debug|Any CPU
		{FC6DC7F7-932D-42E6-9877-EF5B9965F2CE}.Debug|Any CPU.Build.0 = Debug|Any CPU
		{FC6DC7F7-932D-42E6-9877-EF5B9965F2CE}.Release|Any CPU.ActiveCfg = Release|Any CPU
		{FC6DC7F7-932D-42E6-9877-EF5B9965F2CE}.Release|Any CPU.Build.0 = Release|Any CPU
		{C492CE48-A278-47F7-B36E-D159DDDF8D3A}.Debug|Any CPU.ActiveCfg = Debug|Any CPU
		{C492CE48-A278-47F7-B36E-D159DDDF8D3A}.Debug|Any CPU.Build.0 = Debug|Any CPU
		{C492CE48-A278-47F7-B36E-D159DDDF8D3A}.Release|Any CPU.ActiveCfg = Release|Any CPU
		{C492CE48-A278-47F7-B36E-D159DDDF8D3A}.Release|Any CPU.Build.0 = Release|Any CPU
		{7DC235D7-887B-4EF9-9837-A8F2CDB4ADE3}.Debug|Any CPU.ActiveCfg = Debug|Any CPU
		{7DC235D7-887B-4EF9-9837-A8F2CDB4ADE3}.Debug|Any CPU.Build.0 = Debug|Any CPU
		{7DC235D7-887B-4EF9-9837-A8F2CDB4ADE3}.Release|Any CPU.ActiveCfg = Release|Any CPU
		{7DC235D7-887B-4EF9-9837-A8F2CDB4ADE3}.Release|Any CPU.Build.0 = Release|Any CPU
	EndGlobalSection
	GlobalSection(SolutionProperties) = preSolution
		HideSolutionNode = FALSE
	EndGlobalSection
	GlobalSection(ExtensibilityGlobals) = postSolution
		SolutionGuid = {9766EB41-9570-4E64-AF09-4C8B4FC8E855}
	EndGlobalSection
EndGlobal
